dependencies:
- name: cloud-provider-kubernetes
  repository: https://panosc-portal.github.io/helm-charts/
  version: 0.1.0
- name: panosc-postgres
  repository: https://panosc-portal.github.io/helm-charts/
  version: 0.1.3
- name: cloud-service
  repository: https://panosc-portal.github.io/helm-charts/
  version: 0.1.0
- name: desktop-service
  repository: https://panosc-portal.github.io/helm-charts/
  version: 0.1.0
digest: sha256:cf936cdd2cee91f70c40929fa293e4eaba2a4a95d7989199fd1edb46e996f49e
generated: "2020-03-20T11:08:34.864218+01:00"
