dependencies:
- name: cloud-provider-kubernetes
  repository: https://panosc-portal.github.io/helm-charts/
  version: 0.1.0
- name: panosc-postgres
  repository: https://panosc-portal.github.io/helm-charts/
  version: 0.1.3
- name: cloud-service
  repository: https://panosc-portal.github.io/helm-charts/
  version: 0.1.0
- name: desktop-service
  repository: https://panosc-portal.github.io/helm-charts/
  version: 0.1.0
- name: account-service
  repository: https://panosc-portal.github.io/helm-charts/
  version: 0.1.0
- name: api-service
  repository: https://panosc-portal.github.io/helm-charts/
  version: 0.1.0
- name: apache
  repository: https://charts.bitnami.com/bitnami
  version: 7.3.11
digest: sha256:3e628af50190c83ab5be2fd9ad6a19e9ef0e3a65c9c65fac8428d4dd2fa523a7
generated: "2020-03-26T18:44:53.296694+01:00"
