dependencies:
- name: cloud-provider-kubernetes
  repository: https://panosc-portal.github.io/helm-charts/
  version: 0.1.0
- name: panosc-postgres
  repository: https://panosc-portal.github.io/helm-charts/
  version: 0.1.2
- name: cloud-service
  repository: https://panosc-portal.github.io/helm-charts/
  version: 0.1.0
- name: desktop-service
  repository: https://panosc-portal.github.io/helm-charts/
  version: 0.1.0
digest: sha256:9818e4a2330613832065edefdf6c9a5a459ed7f5125c7733c240d26d31fd6595
generated: "2020-03-19T13:00:29.657482+01:00"
