dependencies:
- name: cloud-provider-kubernetes
  repository: https://panosc-portal.github.io/helm-charts/
  version: 0.1.0
- name: cloud-service
  repository: https://panosc-portal.github.io/helm-charts/
  version: 0.1.0
digest: sha256:2aadeb3f03cd9c6abd504a43bcfc6c6260dbaea1909d3f5520f074099b8c105c
generated: "2020-03-17T08:35:03.652611+01:00"
